
Microsoft Visual Studio Solution File, Format Version 12.00
# Visual Studio Version 16
VisualStudioVersion = 16.0.29025.244
MinimumVisualStudioVersion = 10.0.40219.1
Project("{2150E333-8FDC-42A3-9474-1A3956D46DE8}") = ".nuget", ".nuget", "{1F42741A-6492-4198-8E70-0EE4B0698AC7}"
	ProjectSection(SolutionItems) = preProject
		.nuget\packages.config = .nuget\packages.config
	EndProjectSection
EndProject
Project("{9A19103F-16F7-4668-BE54-9A1E7A4F7556}") = "Lucene.Net.Store.Azure", "Lucene.Net.Store.Azure\Lucene.Net.Store.Azure.csproj", "{D091F07C-ADD4-4860-ADBB-DA66819B8BE5}"
EndProject
Project("{9A19103F-16F7-4668-BE54-9A1E7A4F7556}") = "Lucene.Net.Store.Azure.Tests", "Lucene.Net.Store.Azure.Tests\Lucene.Net.Store.Azure.Tests.csproj", "{64E5AA97-4090-4893-9880-9AC465F1FC62}"
EndProject
Project("{FAE04EC0-301F-11D3-BF4B-00C04F79EFBC}") = "Lucene.Net.Store.Azure.Net45", "AzureDirectory\Lucene.Net.Store.Azure.Net45.csproj", "{6D8758A7-F910-4BA0-B382-D535CA1FF958}"
EndProject
Global
	GlobalSection(SolutionConfigurationPlatforms) = preSolution
		Debug|Any CPU = Debug|Any CPU
		Release|Any CPU = Release|Any CPU
	EndGlobalSection
	GlobalSection(ProjectConfigurationPlatforms) = postSolution
		{D091F07C-ADD4-4860-ADBB-DA66819B8BE5}.Debug|Any CPU.ActiveCfg = Debug|Any CPU
		{D091F07C-ADD4-4860-ADBB-DA66819B8BE5}.Debug|Any CPU.Build.0 = Debug|Any CPU
		{D091F07C-ADD4-4860-ADBB-DA66819B8BE5}.Release|Any CPU.ActiveCfg = Release|Any CPU
		{D091F07C-ADD4-4860-ADBB-DA66819B8BE5}.Release|Any CPU.Build.0 = Release|Any CPU
		{64E5AA97-4090-4893-9880-9AC465F1FC62}.Debug|Any CPU.ActiveCfg = Debug|Any CPU
		{64E5AA97-4090-4893-9880-9AC465F1FC62}.Debug|Any CPU.Build.0 = Debug|Any CPU
		{64E5AA97-4090-4893-9880-9AC465F1FC62}.Release|Any CPU.ActiveCfg = Release|Any CPU
		{64E5AA97-4090-4893-9880-9AC465F1FC62}.Release|Any CPU.Build.0 = Release|Any CPU
		{6D8758A7-F910-4BA0-B382-D535CA1FF958}.Debug|Any CPU.ActiveCfg = Debug|Any CPU
		{6D8758A7-F910-4BA0-B382-D535CA1FF958}.Debug|Any CPU.Build.0 = Debug|Any CPU
		{6D8758A7-F910-4BA0-B382-D535CA1FF958}.Release|Any CPU.ActiveCfg = Release|Any CPU
		{6D8758A7-F910-4BA0-B382-D535CA1FF958}.Release|Any CPU.Build.0 = Release|Any CPU
	EndGlobalSection
	GlobalSection(SolutionProperties) = preSolution
		HideSolutionNode = FALSE
	EndGlobalSection
	GlobalSection(ExtensibilityGlobals) = postSolution
		SolutionGuid = {3C649EB2-8CBE-4D97-BFAC-86A352B3EBBC}
	EndGlobalSection
EndGlobal
